// !$*UTF8*$!
{
	archiveVersion = 1;
	classes = {
	};
	objectVersion = 50;
	objects = {

/* Begin PBXBuildFile section */
		55073D5926A06AF0000DEB4E /* MainTableViewCell.swift in Sources */ = {isa = PBXBuildFile; fileRef = 55073D5826A06AF0000DEB4E /* MainTableViewCell.swift */; };
		55073D5D26A0789C000DEB4E /* Extension.swift in Sources */ = {isa = PBXBuildFile; fileRef = 55073D5C26A0789C000DEB4E /* Extension.swift */; };
		554ECC6B269ED667004AC4DB /* AppDelegate.swift in Sources */ = {isa = PBXBuildFile; fileRef = 554ECC6A269ED667004AC4DB /* AppDelegate.swift */; };
		554ECC77269ED66C004AC4DB /* Assets.xcassets in Resources */ = {isa = PBXBuildFile; fileRef = 554ECC76269ED66C004AC4DB /* Assets.xcassets */; };
		554ECC7A269ED66C004AC4DB /* LaunchScreen.storyboard in Resources */ = {isa = PBXBuildFile; fileRef = 554ECC78269ED66C004AC4DB /* LaunchScreen.storyboard */; };
		554ECCE6269EEB58004AC4DB /* MainViewController.swift in Sources */ = {isa = PBXBuildFile; fileRef = 554ECCE5269EEB58004AC4DB /* MainViewController.swift */; };
		554ECCEA269EEBFA004AC4DB /* Parser.swift in Sources */ = {isa = PBXBuildFile; fileRef = 554ECCE9269EEBFA004AC4DB /* Parser.swift */; };
		554ECCFB269EFA8E004AC4DB /* WeatherParserProtocol.swift in Sources */ = {isa = PBXBuildFile; fileRef = 554ECCFA269EFA8E004AC4DB /* WeatherParserProtocol.swift */; };
		554ECCFF269EFB49004AC4DB /* RequestSender.swift in Sources */ = {isa = PBXBuildFile; fileRef = 554ECCFE269EFB49004AC4DB /* RequestSender.swift */; };
		554ECD09269EFBE2004AC4DB /* RequestFactory.swift in Sources */ = {isa = PBXBuildFile; fileRef = 554ECD08269EFBE2004AC4DB /* RequestFactory.swift */; };
		554ECD0D269EFC06004AC4DB /* WeatherRequestSender.swift in Sources */ = {isa = PBXBuildFile; fileRef = 554ECD0C269EFC06004AC4DB /* WeatherRequestSender.swift */; };
		559B920B26A029B50067E8A0 /* RootTableViewControllerPresenter.swift in Sources */ = {isa = PBXBuildFile; fileRef = 559B920826A029B50067E8A0 /* RootTableViewControllerPresenter.swift */; };
		559B921926A033F50067E8A0 /* WeatherModel.swift in Sources */ = {isa = PBXBuildFile; fileRef = 559B921826A033F50067E8A0 /* WeatherModel.swift */; };
		559B921D26A036100067E8A0 /* Router.swift in Sources */ = {isa = PBXBuildFile; fileRef = 559B921C26A036100067E8A0 /* Router.swift */; };
		559B922026A036390067E8A0 /* ModuleBuilder.swift in Sources */ = {isa = PBXBuildFile; fileRef = 559B921F26A036390067E8A0 /* ModuleBuilder.swift */; };
		559B922326A0448B0067E8A0 /* NetworkService.swift in Sources */ = {isa = PBXBuildFile; fileRef = 559B922226A0448B0067E8A0 /* NetworkService.swift */; };
		6361A7B126A0C526002E46FA /* RequestProtocol.swift in Sources */ = {isa = PBXBuildFile; fileRef = 6361A7B026A0C526002E46FA /* RequestProtocol.swift */; };
		6361A7B326A0C556002E46FA /* RequestSenderProtocol.swift in Sources */ = {isa = PBXBuildFile; fileRef = 6361A7B226A0C556002E46FA /* RequestSenderProtocol.swift */; };
		6361A7BE26A11530002E46FA /* DetailCityViewController.swift in Sources */ = {isa = PBXBuildFile; fileRef = 6361A7BD26A11530002E46FA /* DetailCityViewController.swift */; };
		6361A7C026A115B6002E46FA /* DetailCityPresenter.swift in Sources */ = {isa = PBXBuildFile; fileRef = 6361A7BF26A115B6002E46FA /* DetailCityPresenter.swift */; };
		6361A7C226A1AA4C002E46FA /* Constant.swift in Sources */ = {isa = PBXBuildFile; fileRef = 6361A7C126A1AA4C002E46FA /* Constant.swift */; };
/* End PBXBuildFile section */

/* Begin PBXFileReference section */
		55073D5826A06AF0000DEB4E /* MainTableViewCell.swift */ = {isa = PBXFileReference; lastKnownFileType = sourcecode.swift; path = MainTableViewCell.swift; sourceTree = "<group>"; };
		55073D5C26A0789C000DEB4E /* Extension.swift */ = {isa = PBXFileReference; lastKnownFileType = sourcecode.swift; path = Extension.swift; sourceTree = "<group>"; };
		554ECC67269ED667004AC4DB /* TestWeather.app */ = {isa = PBXFileReference; explicitFileType = wrapper.application; includeInIndex = 0; path = TestWeather.app; sourceTree = BUILT_PRODUCTS_DIR; };
		554ECC6A269ED667004AC4DB /* AppDelegate.swift */ = {isa = PBXFileReference; lastKnownFileType = sourcecode.swift; path = AppDelegate.swift; sourceTree = "<group>"; };
		554ECC76269ED66C004AC4DB /* Assets.xcassets */ = {isa = PBXFileReference; lastKnownFileType = folder.assetcatalog; path = Assets.xcassets; sourceTree = "<group>"; };
		554ECC79269ED66C004AC4DB /* Base */ = {isa = PBXFileReference; lastKnownFileType = file.storyboard; name = Base; path = Base.lproj/LaunchScreen.storyboard; sourceTree = "<group>"; };
		554ECC7B269ED66C004AC4DB /* Info.plist */ = {isa = PBXFileReference; lastKnownFileType = text.plist.xml; path = Info.plist; sourceTree = "<group>"; };
		554ECCE5269EEB58004AC4DB /* MainViewController.swift */ = {isa = PBXFileReference; lastKnownFileType = sourcecode.swift; path = MainViewController.swift; sourceTree = "<group>"; };
		554ECCE9269EEBFA004AC4DB /* Parser.swift */ = {isa = PBXFileReference; lastKnownFileType = sourcecode.swift; path = Parser.swift; sourceTree = "<group>"; };
		554ECCFA269EFA8E004AC4DB /* WeatherParserProtocol.swift */ = {isa = PBXFileReference; lastKnownFileType = sourcecode.swift; path = WeatherParserProtocol.swift; sourceTree = "<group>"; };
		554ECCFE269EFB49004AC4DB /* RequestSender.swift */ = {isa = PBXFileReference; lastKnownFileType = sourcecode.swift; path = RequestSender.swift; sourceTree = "<group>"; };
		554ECD08269EFBE2004AC4DB /* RequestFactory.swift */ = {isa = PBXFileReference; lastKnownFileType = sourcecode.swift; path = RequestFactory.swift; sourceTree = "<group>"; };
		554ECD0C269EFC06004AC4DB /* WeatherRequestSender.swift */ = {isa = PBXFileReference; lastKnownFileType = sourcecode.swift; path = WeatherRequestSender.swift; sourceTree = "<group>"; };
		559B920826A029B50067E8A0 /* RootTableViewControllerPresenter.swift */ = {isa = PBXFileReference; lastKnownFileType = sourcecode.swift; path = RootTableViewControllerPresenter.swift; sourceTree = "<group>"; };
		559B921826A033F50067E8A0 /* WeatherModel.swift */ = {isa = PBXFileReference; lastKnownFileType = sourcecode.swift; path = WeatherModel.swift; sourceTree = "<group>"; };
		559B921C26A036100067E8A0 /* Router.swift */ = {isa = PBXFileReference; lastKnownFileType = sourcecode.swift; path = Router.swift; sourceTree = "<group>"; };
		559B921F26A036390067E8A0 /* ModuleBuilder.swift */ = {isa = PBXFileReference; lastKnownFileType = sourcecode.swift; path = ModuleBuilder.swift; sourceTree = "<group>"; };
		559B922226A0448B0067E8A0 /* NetworkService.swift */ = {isa = PBXFileReference; lastKnownFileType = sourcecode.swift; path = NetworkService.swift; sourceTree = "<group>"; };
		6361A7B026A0C526002E46FA /* RequestProtocol.swift */ = {isa = PBXFileReference; lastKnownFileType = sourcecode.swift; path = RequestProtocol.swift; sourceTree = "<group>"; };
		6361A7B226A0C556002E46FA /* RequestSenderProtocol.swift */ = {isa = PBXFileReference; lastKnownFileType = sourcecode.swift; path = RequestSenderProtocol.swift; sourceTree = "<group>"; };
		6361A7BD26A11530002E46FA /* DetailCityViewController.swift */ = {isa = PBXFileReference; lastKnownFileType = sourcecode.swift; path = DetailCityViewController.swift; sourceTree = "<group>"; };
		6361A7BF26A115B6002E46FA /* DetailCityPresenter.swift */ = {isa = PBXFileReference; lastKnownFileType = sourcecode.swift; path = DetailCityPresenter.swift; sourceTree = "<group>"; };
		6361A7C126A1AA4C002E46FA /* Constant.swift */ = {isa = PBXFileReference; lastKnownFileType = sourcecode.swift; path = Constant.swift; sourceTree = "<group>"; };
/* End PBXFileReference section */

/* Begin PBXFrameworksBuildPhase section */
		554ECC64269ED667004AC4DB /* Frameworks */ = {
			isa = PBXFrameworksBuildPhase;
			buildActionMask = 2147483647;
			files = (
			);
			runOnlyForDeploymentPostprocessing = 0;
		};
/* End PBXFrameworksBuildPhase section */

/* Begin PBXGroup section */
		554ECC5E269ED667004AC4DB = {
			isa = PBXGroup;
			children = (
				554ECC69269ED667004AC4DB /* TestWeather */,
				554ECC68269ED667004AC4DB /* Products */,
			);
			sourceTree = "<group>";
		};
		554ECC68269ED667004AC4DB /* Products */ = {
			isa = PBXGroup;
			children = (
				554ECC67269ED667004AC4DB /* TestWeather.app */,
			);
			name = Products;
			sourceTree = "<group>";
		};
		554ECC69269ED667004AC4DB /* TestWeather */ = {
			isa = PBXGroup;
			children = (
				554ECC6A269ED667004AC4DB /* AppDelegate.swift */,
				559B921C26A036100067E8A0 /* Router.swift */,
				559B921F26A036390067E8A0 /* ModuleBuilder.swift */,
				559B921126A02C160067E8A0 /* MainModule */,
				554ECD06269EFBBD004AC4DB /* Networking */,
				55073D5C26A0789C000DEB4E /* Extension.swift */,
				6361A7C126A1AA4C002E46FA /* Constant.swift */,
				554ECC76269ED66C004AC4DB /* Assets.xcassets */,
				554ECC78269ED66C004AC4DB /* LaunchScreen.storyboard */,
				554ECC7B269ED66C004AC4DB /* Info.plist */,
			);
			path = TestWeather;
			sourceTree = "<group>";
		};
		554ECCF8269EFA6B004AC4DB /* Parser */ = {
			isa = PBXGroup;
			children = (
				554ECCE9269EEBFA004AC4DB /* Parser.swift */,
				554ECCFA269EFA8E004AC4DB /* WeatherParserProtocol.swift */,
			);
			path = Parser;
			sourceTree = "<group>";
		};
		554ECCFD269EFB1C004AC4DB /* Request */ = {
			isa = PBXGroup;
			children = (
				554ECCFE269EFB49004AC4DB /* RequestSender.swift */,
				6361A7B026A0C526002E46FA /* RequestProtocol.swift */,
			);
			path = Request;
			sourceTree = "<group>";
		};
		554ECD06269EFBBD004AC4DB /* Networking */ = {
			isa = PBXGroup;
			children = (
				559B922226A0448B0067E8A0 /* NetworkService.swift */,
				554ECD08269EFBE2004AC4DB /* RequestFactory.swift */,
				554ECD0B269EFBF9004AC4DB /* RequestManager */,
				554ECCFD269EFB1C004AC4DB /* Request */,
				554ECCF8269EFA6B004AC4DB /* Parser */,
			);
			path = Networking;
			sourceTree = "<group>";
		};
		554ECD0B269EFBF9004AC4DB /* RequestManager */ = {
			isa = PBXGroup;
			children = (
				554ECD0C269EFC06004AC4DB /* WeatherRequestSender.swift */,
				6361A7B226A0C556002E46FA /* RequestSenderProtocol.swift */,
			);
			path = RequestManager;
			sourceTree = "<group>";
		};
		559B920326A028080067E8A0 /*  View */ = {
			isa = PBXGroup;
			children = (
				554ECCE5269EEB58004AC4DB /* MainViewController.swift */,
				55073D5826A06AF0000DEB4E /* MainTableViewCell.swift */,
			);
			path = " View";
			sourceTree = "<group>";
		};
		559B920626A0282E0067E8A0 /* Root */ = {
			isa = PBXGroup;
			children = (
				559B920326A028080067E8A0 /*  View */,
				559B921326A02C310067E8A0 /* Presenter */,
				559B921726A0339B0067E8A0 /* Model */,
			);
			path = Root;
			sourceTree = "<group>";
		};
		559B921126A02C160067E8A0 /* MainModule */ = {
			isa = PBXGroup;
			children = (
				6361A7B426A1146C002E46FA /* DetailCity */,
				559B920626A0282E0067E8A0 /* Root */,
			);
			path = MainModule;
			sourceTree = "<group>";
		};
		559B921326A02C310067E8A0 /* Presenter */ = {
			isa = PBXGroup;
			children = (
				559B920826A029B50067E8A0 /* RootTableViewControllerPresenter.swift */,
			);
			path = Presenter;
			sourceTree = "<group>";
		};
		559B921726A0339B0067E8A0 /* Model */ = {
			isa = PBXGroup;
			children = (
				559B921826A033F50067E8A0 /* WeatherModel.swift */,
			);
			path = Model;
			sourceTree = "<group>";
		};
		6361A7B426A1146C002E46FA /* DetailCity */ = {
			isa = PBXGroup;
			children = (
				6361A7C326A1AEBE002E46FA /* View */,
				6361A7C426A1AEC9002E46FA /* Presenter */,
			);
			path = DetailCity;
			sourceTree = "<group>";
		};
		6361A7C326A1AEBE002E46FA /* View */ = {
			isa = PBXGroup;
			children = (
				6361A7BD26A11530002E46FA /* DetailCityViewController.swift */,
			);
			path = View;
			sourceTree = "<group>";
		};
		6361A7C426A1AEC9002E46FA /* Presenter */ = {
			isa = PBXGroup;
			children = (
				6361A7BF26A115B6002E46FA /* DetailCityPresenter.swift */,
			);
			path = Presenter;
			sourceTree = "<group>";
		};
/* End PBXGroup section */

/* Begin PBXNativeTarget section */
		554ECC66269ED667004AC4DB /* TestWeather */ = {
			isa = PBXNativeTarget;
			buildConfigurationList = 554ECC7E269ED66C004AC4DB /* Build configuration list for PBXNativeTarget "TestWeather" */;
			buildPhases = (
				554ECC63269ED667004AC4DB /* Sources */,
				554ECC64269ED667004AC4DB /* Frameworks */,
				554ECC65269ED667004AC4DB /* Resources */,
			);
			buildRules = (
			);
			dependencies = (
			);
			name = TestWeather;
			productName = TestWeather;
			productReference = 554ECC67269ED667004AC4DB /* TestWeather.app */;
			productType = "com.apple.product-type.application";
		};
/* End PBXNativeTarget section */

/* Begin PBXProject section */
		554ECC5F269ED667004AC4DB /* Project object */ = {
			isa = PBXProject;
			attributes = {
				LastSwiftUpdateCheck = 1240;
				LastUpgradeCheck = 1240;
				TargetAttributes = {
					554ECC66269ED667004AC4DB = {
						CreatedOnToolsVersion = 12.4;
					};
				};
			};
			buildConfigurationList = 554ECC62269ED667004AC4DB /* Build configuration list for PBXProject "TestWeather" */;
			compatibilityVersion = "Xcode 9.3";
			developmentRegion = en;
			hasScannedForEncodings = 0;
			knownRegions = (
				en,
				Base,
			);
			mainGroup = 554ECC5E269ED667004AC4DB;
			productRefGroup = 554ECC68269ED667004AC4DB /* Products */;
			projectDirPath = "";
			projectRoot = "";
			targets = (
				554ECC66269ED667004AC4DB /* TestWeather */,
			);
		};
/* End PBXProject section */

/* Begin PBXResourcesBuildPhase section */
		554ECC65269ED667004AC4DB /* Resources */ = {
			isa = PBXResourcesBuildPhase;
			buildActionMask = 2147483647;
			files = (
				554ECC7A269ED66C004AC4DB /* LaunchScreen.storyboard in Resources */,
				554ECC77269ED66C004AC4DB /* Assets.xcassets in Resources */,
			);
			runOnlyForDeploymentPostprocessing = 0;
		};
/* End PBXResourcesBuildPhase section */

/* Begin PBXSourcesBuildPhase section */
		554ECC63269ED667004AC4DB /* Sources */ = {
			isa = PBXSourcesBuildPhase;
			buildActionMask = 2147483647;
			files = (
				554ECCEA269EEBFA004AC4DB /* Parser.swift in Sources */,
				559B922026A036390067E8A0 /* ModuleBuilder.swift in Sources */,
				554ECCFB269EFA8E004AC4DB /* WeatherParserProtocol.swift in Sources */,
				554ECCFF269EFB49004AC4DB /* RequestSender.swift in Sources */,
				55073D5926A06AF0000DEB4E /* MainTableViewCell.swift in Sources */,
				6361A7B326A0C556002E46FA /* RequestSenderProtocol.swift in Sources */,
				554ECD09269EFBE2004AC4DB /* RequestFactory.swift in Sources */,
				559B921D26A036100067E8A0 /* Router.swift in Sources */,
				6361A7C226A1AA4C002E46FA /* Constant.swift in Sources */,
				55073D5D26A0789C000DEB4E /* Extension.swift in Sources */,
				6361A7BE26A11530002E46FA /* DetailCityViewController.swift in Sources */,
				554ECD0D269EFC06004AC4DB /* WeatherRequestSender.swift in Sources */,
				559B922326A0448B0067E8A0 /* NetworkService.swift in Sources */,
				6361A7B126A0C526002E46FA /* RequestProtocol.swift in Sources */,
				559B920B26A029B50067E8A0 /* RootTableViewControllerPresenter.swift in Sources */,
				554ECCE6269EEB58004AC4DB /* MainViewController.swift in Sources */,
				554ECC6B269ED667004AC4DB /* AppDelegate.swift in Sources */,
				6361A7C026A115B6002E46FA /* DetailCityPresenter.swift in Sources */,
				559B921926A033F50067E8A0 /* WeatherModel.swift in Sources */,
			);
			runOnlyForDeploymentPostprocessing = 0;
		};
/* End PBXSourcesBuildPhase section */

/* Begin PBXVariantGroup section */
		554ECC78269ED66C004AC4DB /* LaunchScreen.storyboard */ = {
			isa = PBXVariantGroup;
			children = (
				554ECC79269ED66C004AC4DB /* Base */,
			);
			name = LaunchScreen.storyboard;
			sourceTree = "<group>";
		};
/* End PBXVariantGroup section */

/* Begin XCBuildConfiguration section */
		554ECC7C269ED66C004AC4DB /* Debug */ = {
			isa = XCBuildConfiguration;
			buildSettings = {
				ALWAYS_SEARCH_USER_PATHS = NO;
				CLANG_ANALYZER_NONNULL = YES;
				CLANG_ANALYZER_NUMBER_OBJECT_CONVERSION = YES_AGGRESSIVE;
				CLANG_CXX_LANGUAGE_STANDARD = "gnu++14";
				CLANG_CXX_LIBRARY = "libc++";
				CLANG_ENABLE_MODULES = YES;
				CLANG_ENABLE_OBJC_ARC = YES;
				CLANG_ENABLE_OBJC_WEAK = YES;
				CLANG_WARN_BLOCK_CAPTURE_AUTORELEASING = YES;
				CLANG_WARN_BOOL_CONVERSION = YES;
				CLANG_WARN_COMMA = YES;
				CLANG_WARN_CONSTANT_CONVERSION = YES;
				CLANG_WARN_DEPRECATED_OBJC_IMPLEMENTATIONS = YES;
				CLANG_WARN_DIRECT_OBJC_ISA_USAGE = YES_ERROR;
				CLANG_WARN_DOCUMENTATION_COMMENTS = YES;
				CLANG_WARN_EMPTY_BODY = YES;
				CLANG_WARN_ENUM_CONVERSION = YES;
				CLANG_WARN_INFINITE_RECURSION = YES;
				CLANG_WARN_INT_CONVERSION = YES;
				CLANG_WARN_NON_LITERAL_NULL_CONVERSION = YES;
				CLANG_WARN_OBJC_IMPLICIT_RETAIN_SELF = YES;
				CLANG_WARN_OBJC_LITERAL_CONVERSION = YES;
				CLANG_WARN_OBJC_ROOT_CLASS = YES_ERROR;
				CLANG_WARN_QUOTED_INCLUDE_IN_FRAMEWORK_HEADER = YES;
				CLANG_WARN_RANGE_LOOP_ANALYSIS = YES;
				CLANG_WARN_STRICT_PROTOTYPES = YES;
				CLANG_WARN_SUSPICIOUS_MOVE = YES;
				CLANG_WARN_UNGUARDED_AVAILABILITY = YES_AGGRESSIVE;
				CLANG_WARN_UNREACHABLE_CODE = YES;
				CLANG_WARN__DUPLICATE_METHOD_MATCH = YES;
				COPY_PHASE_STRIP = NO;
				DEBUG_INFORMATION_FORMAT = dwarf;
				ENABLE_STRICT_OBJC_MSGSEND = YES;
				ENABLE_TESTABILITY = YES;
				GCC_C_LANGUAGE_STANDARD = gnu11;
				GCC_DYNAMIC_NO_PIC = NO;
				GCC_NO_COMMON_BLOCKS = YES;
				GCC_OPTIMIZATION_LEVEL = 0;
				GCC_PREPROCESSOR_DEFINITIONS = (
					"DEBUG=1",
					"$(inherited)",
				);
				GCC_WARN_64_TO_32_BIT_CONVERSION = YES;
				GCC_WARN_ABOUT_RETURN_TYPE = YES_ERROR;
				GCC_WARN_UNDECLARED_SELECTOR = YES;
				GCC_WARN_UNINITIALIZED_AUTOS = YES_AGGRESSIVE;
				GCC_WARN_UNUSED_FUNCTION = YES;
				GCC_WARN_UNUSED_VARIABLE = YES;
				IPHONEOS_DEPLOYMENT_TARGET = 14.4;
				MTL_ENABLE_DEBUG_INFO = INCLUDE_SOURCE;
				MTL_FAST_MATH = YES;
				ONLY_ACTIVE_ARCH = YES;
				SDKROOT = iphoneos;
				SWIFT_ACTIVE_COMPILATION_CONDITIONS = DEBUG;
				SWIFT_OPTIMIZATION_LEVEL = "-Onone";
			};
			name = Debug;
		};
		554ECC7D269ED66C004AC4DB /* Release */ = {
			isa = XCBuildConfiguration;
			buildSettings = {
				ALWAYS_SEARCH_USER_PATHS = NO;
				CLANG_ANALYZER_NONNULL = YES;
				CLANG_ANALYZER_NUMBER_OBJECT_CONVERSION = YES_AGGRESSIVE;
				CLANG_CXX_LANGUAGE_STANDARD = "gnu++14";
				CLANG_CXX_LIBRARY = "libc++";
				CLANG_ENABLE_MODULES = YES;
				CLANG_ENABLE_OBJC_ARC = YES;
				CLANG_ENABLE_OBJC_WEAK = YES;
				CLANG_WARN_BLOCK_CAPTURE_AUTORELEASING = YES;
				CLANG_WARN_BOOL_CONVERSION = YES;
				CLANG_WARN_COMMA = YES;
				CLANG_WARN_CONSTANT_CONVERSION = YES;
				CLANG_WARN_DEPRECATED_OBJC_IMPLEMENTATIONS = YES;
				CLANG_WARN_DIRECT_OBJC_ISA_USAGE = YES_ERROR;
				CLANG_WARN_DOCUMENTATION_COMMENTS = YES;
				CLANG_WARN_EMPTY_BODY = YES;
				CLANG_WARN_ENUM_CONVERSION = YES;
				CLANG_WARN_INFINITE_RECURSION = YES;
				CLANG_WARN_INT_CONVERSION = YES;
				CLANG_WARN_NON_LITERAL_NULL_CONVERSION = YES;
				CLANG_WARN_OBJC_IMPLICIT_RETAIN_SELF = YES;
				CLANG_WARN_OBJC_LITERAL_CONVERSION = YES;
				CLANG_WARN_OBJC_ROOT_CLASS = YES_ERROR;
				CLANG_WARN_QUOTED_INCLUDE_IN_FRAMEWORK_HEADER = YES;
				CLANG_WARN_RANGE_LOOP_ANALYSIS = YES;
				CLANG_WARN_STRICT_PROTOTYPES = YES;
				CLANG_WARN_SUSPICIOUS_MOVE = YES;
				CLANG_WARN_UNGUARDED_AVAILABILITY = YES_AGGRESSIVE;
				CLANG_WARN_UNREACHABLE_CODE = YES;
				CLANG_WARN__DUPLICATE_METHOD_MATCH = YES;
				COPY_PHASE_STRIP = NO;
				DEBUG_INFORMATION_FORMAT = "dwarf-with-dsym";
				ENABLE_NS_ASSERTIONS = NO;
				ENABLE_STRICT_OBJC_MSGSEND = YES;
				GCC_C_LANGUAGE_STANDARD = gnu11;
				GCC_NO_COMMON_BLOCKS = YES;
				GCC_WARN_64_TO_32_BIT_CONVERSION = YES;
				GCC_WARN_ABOUT_RETURN_TYPE = YES_ERROR;
				GCC_WARN_UNDECLARED_SELECTOR = YES;
				GCC_WARN_UNINITIALIZED_AUTOS = YES_AGGRESSIVE;
				GCC_WARN_UNUSED_FUNCTION = YES;
				GCC_WARN_UNUSED_VARIABLE = YES;
				IPHONEOS_DEPLOYMENT_TARGET = 14.4;
				MTL_ENABLE_DEBUG_INFO = NO;
				MTL_FAST_MATH = YES;
				SDKROOT = iphoneos;
				SWIFT_COMPILATION_MODE = wholemodule;
				SWIFT_OPTIMIZATION_LEVEL = "-O";
				VALIDATE_PRODUCT = YES;
			};
			name = Release;
		};
		554ECC7F269ED66C004AC4DB /* Debug */ = {
			isa = XCBuildConfiguration;
			buildSettings = {
				ASSETCATALOG_COMPILER_APPICON_NAME = AppIcon;
				ASSETCATALOG_COMPILER_GLOBAL_ACCENT_COLOR_NAME = AccentColor;
				CODE_SIGN_STYLE = Automatic;
				DEVELOPMENT_TEAM = 3YGACN3ADP;
				INFOPLIST_FILE = TestWeather/Info.plist;
				LD_RUNPATH_SEARCH_PATHS = (
					"$(inherited)",
					"@executable_path/Frameworks",
				);
				PRODUCT_BUNDLE_IDENTIFIER = PetrovOleg.TestWeather;
				PRODUCT_NAME = "$(TARGET_NAME)";
				SWIFT_VERSION = 5.0;
				TARGETED_DEVICE_FAMILY = "1,2";
			};
			name = Debug;
		};
		554ECC80269ED66C004AC4DB /* Release */ = {
			isa = XCBuildConfiguration;
			buildSettings = {
				ASSETCATALOG_COMPILER_APPICON_NAME = AppIcon;
				ASSETCATALOG_COMPILER_GLOBAL_ACCENT_COLOR_NAME = AccentColor;
				CODE_SIGN_STYLE = Automatic;
				DEVELOPMENT_TEAM = 3YGACN3ADP;
				INFOPLIST_FILE = TestWeather/Info.plist;
				LD_RUNPATH_SEARCH_PATHS = (
					"$(inherited)",
					"@executable_path/Frameworks",
				);
				PRODUCT_BUNDLE_IDENTIFIER = PetrovOleg.TestWeather;
				PRODUCT_NAME = "$(TARGET_NAME)";
				SWIFT_VERSION = 5.0;
				TARGETED_DEVICE_FAMILY = "1,2";
			};
			name = Release;
		};
/* End XCBuildConfiguration section */

/* Begin XCConfigurationList section */
		554ECC62269ED667004AC4DB /* Build configuration list for PBXProject "TestWeather" */ = {
			isa = XCConfigurationList;
			buildConfigurations = (
				554ECC7C269ED66C004AC4DB /* Debug */,
				554ECC7D269ED66C004AC4DB /* Release */,
			);
			defaultConfigurationIsVisible = 0;
			defaultConfigurationName = Release;
		};
		554ECC7E269ED66C004AC4DB /* Build configuration list for PBXNativeTarget "TestWeather" */ = {
			isa = XCConfigurationList;
			buildConfigurations = (
				554ECC7F269ED66C004AC4DB /* Debug */,
				554ECC80269ED66C004AC4DB /* Release */,
			);
			defaultConfigurationIsVisible = 0;
			defaultConfigurationName = Release;
		};
/* End XCConfigurationList section */
	};
	rootObject = 554ECC5F269ED667004AC4DB /* Project object */;
}
